# THIS IS AN AUTOGENERATED FILE. DO NOT EDIT THIS FILE DIRECTLY.
# yarn lockfile v1


"@react-native-picker/picker@^2.2.1":
  version "2.2.1"
  resolved "https://registry.yarnpkg.com/@react-native-picker/picker/-/picker-2.2.1.tgz#32b9f540d8e88a73d8856f73cca88251cecb9614"
  integrity sha512-EC7yv22QLHlTfnbC1ez9IUdXTOh1W31x96Oir0PfskSGFFJMWWdLTg4VrcE2DsGLzbfjjkBk123c173vf2a5MQ==
